// !$*UTF8*$!
{
	archiveVersion = 1;
	classes = {
	};
	objectVersion = 50;
	objects = {

/* Begin PBXBuildFile section */
		658C43D52063303F003C7723 /* WaveFormDoppler.swift in Sources */ = {isa = PBXBuildFile; fileRef = 658C43D02063303F003C7723 /* WaveFormDoppler.swift */; };
		658C43D62063303F003C7723 /* WaveFormInterference.swift in Sources */ = {isa = PBXBuildFile; fileRef = 658C43D12063303F003C7723 /* WaveFormInterference.swift */; };
		658C43D72063303F003C7723 /* WaveForm.swift in Sources */ = {isa = PBXBuildFile; fileRef = 658C43D22063303F003C7723 /* WaveForm.swift */; };
		658C43D82063303F003C7723 /* WaveFormDecreasing.swift in Sources */ = {isa = PBXBuildFile; fileRef = 658C43D32063303F003C7723 /* WaveFormDecreasing.swift */; };
		658C43D92063303F003C7723 /* Wave.swift in Sources */ = {isa = PBXBuildFile; fileRef = 658C43D42063303F003C7723 /* Wave.swift */; };
		658C43DE20633080003C7723 /* GameScene.swift in Sources */ = {isa = PBXBuildFile; fileRef = 658C43DC20633080003C7723 /* GameScene.swift */; };
		658C43E020633266003C7723 /* WaveFromProtocol.swift in Sources */ = {isa = PBXBuildFile; fileRef = 658C43DF20633266003C7723 /* WaveFromProtocol.swift */; };
		658C43E220636174003C7723 /* WaveFormSimple.swift in Sources */ = {isa = PBXBuildFile; fileRef = 658C43E120636174003C7723 /* WaveFormSimple.swift */; };
		658FEDD4205D0BFC00CAAC51 /* AppDelegate.swift in Sources */ = {isa = PBXBuildFile; fileRef = 658FEDD3205D0BFC00CAAC51 /* AppDelegate.swift */; };
		658FEDD6205D0BFC00CAAC51 /* art.scnassets in Resources */ = {isa = PBXBuildFile; fileRef = 658FEDD5205D0BFC00CAAC51 /* art.scnassets */; };
		658FEDD8205D0BFC00CAAC51 /* GameViewController.swift in Sources */ = {isa = PBXBuildFile; fileRef = 658FEDD7205D0BFC00CAAC51 /* GameViewController.swift */; };
		658FEDDB205D0BFC00CAAC51 /* Main.storyboard in Resources */ = {isa = PBXBuildFile; fileRef = 658FEDD9205D0BFC00CAAC51 /* Main.storyboard */; };
		658FEDDD205D0BFC00CAAC51 /* Assets.xcassets in Resources */ = {isa = PBXBuildFile; fileRef = 658FEDDC205D0BFC00CAAC51 /* Assets.xcassets */; };
		658FEDE0205D0BFC00CAAC51 /* LaunchScreen.storyboard in Resources */ = {isa = PBXBuildFile; fileRef = 658FEDDE205D0BFC00CAAC51 /* LaunchScreen.storyboard */; };
		658FEDEB205D0BFC00CAAC51 /* interferenceTests.swift in Sources */ = {isa = PBXBuildFile; fileRef = 658FEDEA205D0BFC00CAAC51 /* interferenceTests.swift */; };
		658FEDF6205D0BFC00CAAC51 /* interferenceUITests.swift in Sources */ = {isa = PBXBuildFile; fileRef = 658FEDF5205D0BFC00CAAC51 /* interferenceUITests.swift */; };
/* End PBXBuildFile section */

/* Begin PBXContainerItemProxy section */
		658FEDE7205D0BFC00CAAC51 /* PBXContainerItemProxy */ = {
			isa = PBXContainerItemProxy;
			containerPortal = 658FEDC8205D0BFC00CAAC51 /* Project object */;
			proxyType = 1;
			remoteGlobalIDString = 658FEDCF205D0BFC00CAAC51;
			remoteInfo = interference;
		};
		658FEDF2205D0BFC00CAAC51 /* PBXContainerItemProxy */ = {
			isa = PBXContainerItemProxy;
			containerPortal = 658FEDC8205D0BFC00CAAC51 /* Project object */;
			proxyType = 1;
			remoteGlobalIDString = 658FEDCF205D0BFC00CAAC51;
			remoteInfo = interference;
		};
/* End PBXContainerItemProxy section */

/* Begin PBXFileReference section */
		658C43D02063303F003C7723 /* WaveFormDoppler.swift */ = {isa = PBXFileReference; fileEncoding = 4; lastKnownFileType = sourcecode.swift; name = WaveFormDoppler.swift; path = ../../../wwdc/wwdc/Wave/WaveFormDoppler.swift; sourceTree = "<group>"; };
		658C43D12063303F003C7723 /* WaveFormInterference.swift */ = {isa = PBXFileReference; fileEncoding = 4; lastKnownFileType = sourcecode.swift; name = WaveFormInterference.swift; path = ../../../wwdc/wwdc/Wave/WaveFormInterference.swift; sourceTree = "<group>"; };
		658C43D22063303F003C7723 /* WaveForm.swift */ = {isa = PBXFileReference; fileEncoding = 4; lastKnownFileType = sourcecode.swift; name = WaveForm.swift; path = ../../../wwdc/wwdc/Wave/WaveForm.swift; sourceTree = "<group>"; };
		658C43D32063303F003C7723 /* WaveFormDecreasing.swift */ = {isa = PBXFileReference; fileEncoding = 4; lastKnownFileType = sourcecode.swift; name = WaveFormDecreasing.swift; path = ../../../wwdc/wwdc/Wave/WaveFormDecreasing.swift; sourceTree = "<group>"; };
		658C43D42063303F003C7723 /* Wave.swift */ = {isa = PBXFileReference; fileEncoding = 4; lastKnownFileType = sourcecode.swift; name = Wave.swift; path = ../../../wwdc/wwdc/Wave/Wave.swift; sourceTree = "<group>"; };
		658C43DC20633080003C7723 /* GameScene.swift */ = {isa = PBXFileReference; fileEncoding = 4; lastKnownFileType = sourcecode.swift; name = GameScene.swift; path = ../../../wwdc/wwdc/GameScene.swift; sourceTree = "<group>"; };
		658C43DF20633266003C7723 /* WaveFromProtocol.swift */ = {isa = PBXFileReference; lastKnownFileType = sourcecode.swift; path = WaveFromProtocol.swift; sourceTree = "<group>"; };
		658C43E120636174003C7723 /* WaveFormSimple.swift */ = {isa = PBXFileReference; lastKnownFileType = sourcecode.swift; path = WaveFormSimple.swift; sourceTree = "<group>"; };
		658FEDD0205D0BFC00CAAC51 /* interference.app */ = {isa = PBXFileReference; explicitFileType = wrapper.application; includeInIndex = 0; path = interference.app; sourceTree = BUILT_PRODUCTS_DIR; };
		658FEDD3205D0BFC00CAAC51 /* AppDelegate.swift */ = {isa = PBXFileReference; lastKnownFileType = sourcecode.swift; path = AppDelegate.swift; sourceTree = "<group>"; };
		658FEDD5205D0BFC00CAAC51 /* art.scnassets */ = {isa = PBXFileReference; lastKnownFileType = wrapper.scnassets; path = art.scnassets; sourceTree = "<group>"; };
		658FEDD7205D0BFC00CAAC51 /* GameViewController.swift */ = {isa = PBXFileReference; lastKnownFileType = sourcecode.swift; path = GameViewController.swift; sourceTree = "<group>"; };
		658FEDDA205D0BFC00CAAC51 /* Base */ = {isa = PBXFileReference; lastKnownFileType = file.storyboard; name = Base; path = Base.lproj/Main.storyboard; sourceTree = "<group>"; };
		658FEDDC205D0BFC00CAAC51 /* Assets.xcassets */ = {isa = PBXFileReference; lastKnownFileType = folder.assetcatalog; path = Assets.xcassets; sourceTree = "<group>"; };
		658FEDDF205D0BFC00CAAC51 /* Base */ = {isa = PBXFileReference; lastKnownFileType = file.storyboard; name = Base; path = Base.lproj/LaunchScreen.storyboard; sourceTree = "<group>"; };
		658FEDE1205D0BFC00CAAC51 /* Info.plist */ = {isa = PBXFileReference; lastKnownFileType = text.plist.xml; path = Info.plist; sourceTree = "<group>"; };
		658FEDE6205D0BFC00CAAC51 /* interferenceTests.xctest */ = {isa = PBXFileReference; explicitFileType = wrapper.cfbundle; includeInIndex = 0; path = interferenceTests.xctest; sourceTree = BUILT_PRODUCTS_DIR; };
		658FEDEA205D0BFC00CAAC51 /* interferenceTests.swift */ = {isa = PBXFileReference; lastKnownFileType = sourcecode.swift; path = interferenceTests.swift; sourceTree = "<group>"; };
		658FEDEC205D0BFC00CAAC51 /* Info.plist */ = {isa = PBXFileReference; lastKnownFileType = text.plist.xml; path = Info.plist; sourceTree = "<group>"; };
		658FEDF1205D0BFC00CAAC51 /* interferenceUITests.xctest */ = {isa = PBXFileReference; explicitFileType = wrapper.cfbundle; includeInIndex = 0; path = interferenceUITests.xctest; sourceTree = BUILT_PRODUCTS_DIR; };
		658FEDF5205D0BFC00CAAC51 /* interferenceUITests.swift */ = {isa = PBXFileReference; lastKnownFileType = sourcecode.swift; path = interferenceUITests.swift; sourceTree = "<group>"; };
		658FEDF7205D0BFC00CAAC51 /* Info.plist */ = {isa = PBXFileReference; lastKnownFileType = text.plist.xml; path = Info.plist; sourceTree = "<group>"; };
/* End PBXFileReference section */

/* Begin PBXFrameworksBuildPhase section */
		658FEDCD205D0BFC00CAAC51 /* Frameworks */ = {
			isa = PBXFrameworksBuildPhase;
			buildActionMask = 2147483647;
			files = (
			);
			runOnlyForDeploymentPostprocessing = 0;
		};
		658FEDE3205D0BFC00CAAC51 /* Frameworks */ = {
			isa = PBXFrameworksBuildPhase;
			buildActionMask = 2147483647;
			files = (
			);
			runOnlyForDeploymentPostprocessing = 0;
		};
		658FEDEE205D0BFC00CAAC51 /* Frameworks */ = {
			isa = PBXFrameworksBuildPhase;
			buildActionMask = 2147483647;
			files = (
			);
			runOnlyForDeploymentPostprocessing = 0;
		};
/* End PBXFrameworksBuildPhase section */

/* Begin PBXGroup section */
		658C43CF20633023003C7723 /* Wave */ = {
			isa = PBXGroup;
			children = (
				658C43D42063303F003C7723 /* Wave.swift */,
				658C43D22063303F003C7723 /* WaveForm.swift */,
				658C43D32063303F003C7723 /* WaveFormDecreasing.swift */,
				658C43D02063303F003C7723 /* WaveFormDoppler.swift */,
				658C43D12063303F003C7723 /* WaveFormInterference.swift */,
				658C43DF20633266003C7723 /* WaveFromProtocol.swift */,
				658C43E120636174003C7723 /* WaveFormSimple.swift */,
			);
			path = Wave;
			sourceTree = "<group>";
		};
		658C43DA20633048003C7723 /* Oscilloscope */ = {
			isa = PBXGroup;
			children = (
				658C43DC20633080003C7723 /* GameScene.swift */,
			);
			path = Oscilloscope;
			sourceTree = "<group>";
		};
		658FEDC7205D0BFC00CAAC51 = {
			isa = PBXGroup;
			children = (
				658FEDD2205D0BFC00CAAC51 /* interference */,
				658FEDE9205D0BFC00CAAC51 /* interferenceTests */,
				658FEDF4205D0BFC00CAAC51 /* interferenceUITests */,
				658FEDD1205D0BFC00CAAC51 /* Products */,
			);
			sourceTree = "<group>";
		};
		658FEDD1205D0BFC00CAAC51 /* Products */ = {
			isa = PBXGroup;
			children = (
				658FEDD0205D0BFC00CAAC51 /* interference.app */,
				658FEDE6205D0BFC00CAAC51 /* interferenceTests.xctest */,
				658FEDF1205D0BFC00CAAC51 /* interferenceUITests.xctest */,
			);
			name = Products;
			sourceTree = "<group>";
		};
		658FEDD2205D0BFC00CAAC51 /* interference */ = {
			isa = PBXGroup;
			children = (
				658C43DA20633048003C7723 /* Oscilloscope */,
				658C43CF20633023003C7723 /* Wave */,
				658FEDD3205D0BFC00CAAC51 /* AppDelegate.swift */,
				658FEDD5205D0BFC00CAAC51 /* art.scnassets */,
				658FEDD7205D0BFC00CAAC51 /* GameViewController.swift */,
				658FEDD9205D0BFC00CAAC51 /* Main.storyboard */,
				658FEDDC205D0BFC00CAAC51 /* Assets.xcassets */,
				658FEDDE205D0BFC00CAAC51 /* LaunchScreen.storyboard */,
				658FEDE1205D0BFC00CAAC51 /* Info.plist */,
			);
			path = interference;
			sourceTree = "<group>";
		};
		658FEDE9205D0BFC00CAAC51 /* interferenceTests */ = {
			isa = PBXGroup;
			children = (
				658FEDEA205D0BFC00CAAC51 /* interferenceTests.swift */,
				658FEDEC205D0BFC00CAAC51 /* Info.plist */,
			);
			path = interferenceTests;
			sourceTree = "<group>";
		};
		658FEDF4205D0BFC00CAAC51 /* interferenceUITests */ = {
			isa = PBXGroup;
			children = (
				658FEDF5205D0BFC00CAAC51 /* interferenceUITests.swift */,
				658FEDF7205D0BFC00CAAC51 /* Info.plist */,
			);
			path = interferenceUITests;
			sourceTree = "<group>";
		};
/* End PBXGroup section */

/* Begin PBXNativeTarget section */
		658FEDCF205D0BFC00CAAC51 /* interference */ = {
			isa = PBXNativeTarget;
			buildConfigurationList = 658FEDFA205D0BFC00CAAC51 /* Build configuration list for PBXNativeTarget "interference" */;
			buildPhases = (
				658FEDCC205D0BFC00CAAC51 /* Sources */,
				658FEDCD205D0BFC00CAAC51 /* Frameworks */,
				658FEDCE205D0BFC00CAAC51 /* Resources */,
			);
			buildRules = (
			);
			dependencies = (
			);
			name = interference;
			productName = interference;
			productReference = 658FEDD0205D0BFC00CAAC51 /* interference.app */;
			productType = "com.apple.product-type.application";
		};
		658FEDE5205D0BFC00CAAC51 /* interferenceTests */ = {
			isa = PBXNativeTarget;
			buildConfigurationList = 658FEDFD205D0BFC00CAAC51 /* Build configuration list for PBXNativeTarget "interferenceTests" */;
			buildPhases = (
				658FEDE2205D0BFC00CAAC51 /* Sources */,
				658FEDE3205D0BFC00CAAC51 /* Frameworks */,
				658FEDE4205D0BFC00CAAC51 /* Resources */,
			);
			buildRules = (
			);
			dependencies = (
				658FEDE8205D0BFC00CAAC51 /* PBXTargetDependency */,
			);
			name = interferenceTests;
			productName = interferenceTests;
			productReference = 658FEDE6205D0BFC00CAAC51 /* interferenceTests.xctest */;
			productType = "com.apple.product-type.bundle.unit-test";
		};
		658FEDF0205D0BFC00CAAC51 /* interferenceUITests */ = {
			isa = PBXNativeTarget;
			buildConfigurationList = 658FEE00205D0BFC00CAAC51 /* Build configuration list for PBXNativeTarget "interferenceUITests" */;
			buildPhases = (
				658FEDED205D0BFC00CAAC51 /* Sources */,
				658FEDEE205D0BFC00CAAC51 /* Frameworks */,
				658FEDEF205D0BFC00CAAC51 /* Resources */,
			);
			buildRules = (
			);
			dependencies = (
				658FEDF3205D0BFC00CAAC51 /* PBXTargetDependency */,
			);
			name = interferenceUITests;
			productName = interferenceUITests;
			productReference = 658FEDF1205D0BFC00CAAC51 /* interferenceUITests.xctest */;
			productType = "com.apple.product-type.bundle.ui-testing";
		};
/* End PBXNativeTarget section */

/* Begin PBXProject section */
		658FEDC8205D0BFC00CAAC51 /* Project object */ = {
			isa = PBXProject;
			attributes = {
				LastSwiftUpdateCheck = 0930;
				LastUpgradeCheck = 0930;
				ORGANIZATIONNAME = "Qingyang Hu";
				TargetAttributes = {
					658FEDCF205D0BFC00CAAC51 = {
						CreatedOnToolsVersion = 9.3;
					};
					658FEDE5205D0BFC00CAAC51 = {
						CreatedOnToolsVersion = 9.3;
						TestTargetID = 658FEDCF205D0BFC00CAAC51;
					};
					658FEDF0205D0BFC00CAAC51 = {
						CreatedOnToolsVersion = 9.3;
						TestTargetID = 658FEDCF205D0BFC00CAAC51;
					};
				};
			};
			buildConfigurationList = 658FEDCB205D0BFC00CAAC51 /* Build configuration list for PBXProject "interference" */;
			compatibilityVersion = "Xcode 9.3";
			developmentRegion = en;
			hasScannedForEncodings = 0;
			knownRegions = (
				en,
				Base,
			);
			mainGroup = 658FEDC7205D0BFC00CAAC51;
			productRefGroup = 658FEDD1205D0BFC00CAAC51 /* Products */;
			projectDirPath = "";
			projectRoot = "";
			targets = (
				658FEDCF205D0BFC00CAAC51 /* interference */,
				658FEDE5205D0BFC00CAAC51 /* interferenceTests */,
				658FEDF0205D0BFC00CAAC51 /* interferenceUITests */,
			);
		};
/* End PBXProject section */

/* Begin PBXResourcesBuildPhase section */
		658FEDCE205D0BFC00CAAC51 /* Resources */ = {
			isa = PBXResourcesBuildPhase;
			buildActionMask = 2147483647;
			files = (
				658FEDD6205D0BFC00CAAC51 /* art.scnassets in Resources */,
				658FEDE0205D0BFC00CAAC51 /* LaunchScreen.storyboard in Resources */,
				658FEDDD205D0BFC00CAAC51 /* Assets.xcassets in Resources */,
				658FEDDB205D0BFC00CAAC51 /* Main.storyboard in Resources */,
			);
			runOnlyForDeploymentPostprocessing = 0;
		};
		658FEDE4205D0BFC00CAAC51 /* Resources */ = {
			isa = PBXResourcesBuildPhase;
			buildActionMask = 2147483647;
			files = (
			);
			runOnlyForDeploymentPostprocessing = 0;
		};
		658FEDEF205D0BFC00CAAC51 /* Resources */ = {
			isa = PBXResourcesBuildPhase;
			buildActionMask = 2147483647;
			files = (
			);
			runOnlyForDeploymentPostprocessing = 0;
		};
/* End PBXResourcesBuildPhase section */

/* Begin PBXSourcesBuildPhase section */
		658FEDCC205D0BFC00CAAC51 /* Sources */ = {
			isa = PBXSourcesBuildPhase;
			buildActionMask = 2147483647;
			files = (
				658FEDD8205D0BFC00CAAC51 /* GameViewController.swift in Sources */,
				658C43D52063303F003C7723 /* WaveFormDoppler.swift in Sources */,
				658C43D72063303F003C7723 /* WaveForm.swift in Sources */,
				658C43DE20633080003C7723 /* GameScene.swift in Sources */,
				658C43D62063303F003C7723 /* WaveFormInterference.swift in Sources */,
				658C43E020633266003C7723 /* WaveFromProtocol.swift in Sources */,
				658C43D92063303F003C7723 /* Wave.swift in Sources */,
				658FEDD4205D0BFC00CAAC51 /* AppDelegate.swift in Sources */,
				658C43D82063303F003C7723 /* WaveFormDecreasing.swift in Sources */,
				658C43E220636174003C7723 /* WaveFormSimple.swift in Sources */,
			);
			runOnlyForDeploymentPostprocessing = 0;
		};
		658FEDE2205D0BFC00CAAC51 /* Sources */ = {
			isa = PBXSourcesBuildPhase;
			buildActionMask = 2147483647;
			files = (
				658FEDEB205D0BFC00CAAC51 /* interferenceTests.swift in Sources */,
			);
			runOnlyForDeploymentPostprocessing = 0;
		};
		658FEDED205D0BFC00CAAC51 /* Sources */ = {
			isa = PBXSourcesBuildPhase;
			buildActionMask = 2147483647;
			files = (
				658FEDF6205D0BFC00CAAC51 /* interferenceUITests.swift in Sources */,
			);
			runOnlyForDeploymentPostprocessing = 0;
		};
/* End PBXSourcesBuildPhase section */

/* Begin PBXTargetDependency section */
		658FEDE8205D0BFC00CAAC51 /* PBXTargetDependency */ = {
			isa = PBXTargetDependency;
			target = 658FEDCF205D0BFC00CAAC51 /* interference */;
			targetProxy = 658FEDE7205D0BFC00CAAC51 /* PBXContainerItemProxy */;
		};
		658FEDF3205D0BFC00CAAC51 /* PBXTargetDependency */ = {
			isa = PBXTargetDependency;
			target = 658FEDCF205D0BFC00CAAC51 /* interference */;
			targetProxy = 658FEDF2205D0BFC00CAAC51 /* PBXContainerItemProxy */;
		};
/* End PBXTargetDependency section */

/* Begin PBXVariantGroup section */
		658FEDD9205D0BFC00CAAC51 /* Main.storyboard */ = {
			isa = PBXVariantGroup;
			children = (
				658FEDDA205D0BFC00CAAC51 /* Base */,
			);
			name = Main.storyboard;
			sourceTree = "<group>";
		};
		658FEDDE205D0BFC00CAAC51 /* LaunchScreen.storyboard */ = {
			isa = PBXVariantGroup;
			children = (
				658FEDDF205D0BFC00CAAC51 /* Base */,
			);
			name = LaunchScreen.storyboard;
			sourceTree = "<group>";
		};
/* End PBXVariantGroup section */

/* Begin XCBuildConfiguration section */
		658FEDF8205D0BFC00CAAC51 /* Debug */ = {
			isa = XCBuildConfiguration;
			buildSettings = {
				ALWAYS_SEARCH_USER_PATHS = NO;
				CLANG_ANALYZER_NONNULL = YES;
				CLANG_ANALYZER_NUMBER_OBJECT_CONVERSION = YES_AGGRESSIVE;
				CLANG_CXX_LANGUAGE_STANDARD = "gnu++14";
				CLANG_CXX_LIBRARY = "libc++";
				CLANG_ENABLE_MODULES = YES;
				CLANG_ENABLE_OBJC_ARC = YES;
				CLANG_ENABLE_OBJC_WEAK = YES;
				CLANG_WARN_BLOCK_CAPTURE_AUTORELEASING = YES;
				CLANG_WARN_BOOL_CONVERSION = YES;
				CLANG_WARN_COMMA = YES;
				CLANG_WARN_CONSTANT_CONVERSION = YES;
				CLANG_WARN_DEPRECATED_OBJC_IMPLEMENTATIONS = YES;
				CLANG_WARN_DIRECT_OBJC_ISA_USAGE = YES_ERROR;
				CLANG_WARN_DOCUMENTATION_COMMENTS = YES;
				CLANG_WARN_EMPTY_BODY = YES;
				CLANG_WARN_ENUM_CONVERSION = YES;
				CLANG_WARN_INFINITE_RECURSION = YES;
				CLANG_WARN_INT_CONVERSION = YES;
				CLANG_WARN_NON_LITERAL_NULL_CONVERSION = YES;
				CLANG_WARN_OBJC_IMPLICIT_RETAIN_SELF = YES;
				CLANG_WARN_OBJC_LITERAL_CONVERSION = YES;
				CLANG_WARN_OBJC_ROOT_CLASS = YES_ERROR;
				CLANG_WARN_RANGE_LOOP_ANALYSIS = YES;
				CLANG_WARN_STRICT_PROTOTYPES = YES;
				CLANG_WARN_SUSPICIOUS_MOVE = YES;
				CLANG_WARN_UNGUARDED_AVAILABILITY = YES_AGGRESSIVE;
				CLANG_WARN_UNREACHABLE_CODE = YES;
				CLANG_WARN__DUPLICATE_METHOD_MATCH = YES;
				CODE_SIGN_IDENTITY = "iPhone Developer";
				COPY_PHASE_STRIP = NO;
				DEBUG_INFORMATION_FORMAT = dwarf;
				ENABLE_STRICT_OBJC_MSGSEND = YES;
				ENABLE_TESTABILITY = YES;
				GCC_C_LANGUAGE_STANDARD = gnu11;
				GCC_DYNAMIC_NO_PIC = NO;
				GCC_NO_COMMON_BLOCKS = YES;
				GCC_OPTIMIZATION_LEVEL = 0;
				GCC_PREPROCESSOR_DEFINITIONS = (
					"DEBUG=1",
					"$(inherited)",
				);
				GCC_WARN_64_TO_32_BIT_CONVERSION = YES;
				GCC_WARN_ABOUT_RETURN_TYPE = YES_ERROR;
				GCC_WARN_UNDECLARED_SELECTOR = YES;
				GCC_WARN_UNINITIALIZED_AUTOS = YES_AGGRESSIVE;
				GCC_WARN_UNUSED_FUNCTION = YES;
				GCC_WARN_UNUSED_VARIABLE = YES;
				IPHONEOS_DEPLOYMENT_TARGET = 11.3;
				MTL_ENABLE_DEBUG_INFO = YES;
				ONLY_ACTIVE_ARCH = YES;
				SDKROOT = iphoneos;
				SWIFT_ACTIVE_COMPILATION_CONDITIONS = DEBUG;
				SWIFT_OPTIMIZATION_LEVEL = "-Onone";
			};
			name = Debug;
		};
		658FEDF9205D0BFC00CAAC51 /* Release */ = {
			isa = XCBuildConfiguration;
			buildSettings = {
				ALWAYS_SEARCH_USER_PATHS = NO;
				CLANG_ANALYZER_NONNULL = YES;
				CLANG_ANALYZER_NUMBER_OBJECT_CONVERSION = YES_AGGRESSIVE;
				CLANG_CXX_LANGUAGE_STANDARD = "gnu++14";
				CLANG_CXX_LIBRARY = "libc++";
				CLANG_ENABLE_MODULES = YES;
				CLANG_ENABLE_OBJC_ARC = YES;
				CLANG_ENABLE_OBJC_WEAK = YES;
				CLANG_WARN_BLOCK_CAPTURE_AUTORELEASING = YES;
				CLANG_WARN_BOOL_CONVERSION = YES;
				CLANG_WARN_COMMA = YES;
				CLANG_WARN_CONSTANT_CONVERSION = YES;
				CLANG_WARN_DEPRECATED_OBJC_IMPLEMENTATIONS = YES;
				CLANG_WARN_DIRECT_OBJC_ISA_USAGE = YES_ERROR;
				CLANG_WARN_DOCUMENTATION_COMMENTS = YES;
				CLANG_WARN_EMPTY_BODY = YES;
				CLANG_WARN_ENUM_CONVERSION = YES;
				CLANG_WARN_INFINITE_RECURSION = YES;
				CLANG_WARN_INT_CONVERSION = YES;
				CLANG_WARN_NON_LITERAL_NULL_CONVERSION = YES;
				CLANG_WARN_OBJC_IMPLICIT_RETAIN_SELF = YES;
				CLANG_WARN_OBJC_LITERAL_CONVERSION = YES;
				CLANG_WARN_OBJC_ROOT_CLASS = YES_ERROR;
				CLANG_WARN_RANGE_LOOP_ANALYSIS = YES;
				CLANG_WARN_STRICT_PROTOTYPES = YES;
				CLANG_WARN_SUSPICIOUS_MOVE = YES;
				CLANG_WARN_UNGUARDED_AVAILABILITY = YES_AGGRESSIVE;
				CLANG_WARN_UNREACHABLE_CODE = YES;
				CLANG_WARN__DUPLICATE_METHOD_MATCH = YES;
				CODE_SIGN_IDENTITY = "iPhone Developer";
				COPY_PHASE_STRIP = NO;
				DEBUG_INFORMATION_FORMAT = "dwarf-with-dsym";
				ENABLE_NS_ASSERTIONS = NO;
				ENABLE_STRICT_OBJC_MSGSEND = YES;
				GCC_C_LANGUAGE_STANDARD = gnu11;
				GCC_NO_COMMON_BLOCKS = YES;
				GCC_WARN_64_TO_32_BIT_CONVERSION = YES;
				GCC_WARN_ABOUT_RETURN_TYPE = YES_ERROR;
				GCC_WARN_UNDECLARED_SELECTOR = YES;
				GCC_WARN_UNINITIALIZED_AUTOS = YES_AGGRESSIVE;
				GCC_WARN_UNUSED_FUNCTION = YES;
				GCC_WARN_UNUSED_VARIABLE = YES;
				IPHONEOS_DEPLOYMENT_TARGET = 11.3;
				MTL_ENABLE_DEBUG_INFO = NO;
				SDKROOT = iphoneos;
				SWIFT_COMPILATION_MODE = wholemodule;
				SWIFT_OPTIMIZATION_LEVEL = "-O";
				VALIDATE_PRODUCT = YES;
			};
			name = Release;
		};
		658FEDFB205D0BFC00CAAC51 /* Debug */ = {
			isa = XCBuildConfiguration;
			buildSettings = {
				ASSETCATALOG_COMPILER_APPICON_NAME = AppIcon;
				CODE_SIGN_STYLE = Automatic;
				DEVELOPMENT_TEAM = K2P3533G4D;
				INFOPLIST_FILE = interference/Info.plist;
				LD_RUNPATH_SEARCH_PATHS = (
					"$(inherited)",
					"@executable_path/Frameworks",
				);
				PRODUCT_BUNDLE_IDENTIFIER = io.nfls.interference;
				PRODUCT_NAME = "$(TARGET_NAME)";
				SWIFT_VERSION = 4.0;
				TARGETED_DEVICE_FAMILY = "1,2";
			};
			name = Debug;
		};
		658FEDFC205D0BFC00CAAC51 /* Release */ = {
			isa = XCBuildConfiguration;
			buildSettings = {
				ASSETCATALOG_COMPILER_APPICON_NAME = AppIcon;
				CODE_SIGN_STYLE = Automatic;
				DEVELOPMENT_TEAM = K2P3533G4D;
				INFOPLIST_FILE = interference/Info.plist;
				LD_RUNPATH_SEARCH_PATHS = (
					"$(inherited)",
					"@executable_path/Frameworks",
				);
				PRODUCT_BUNDLE_IDENTIFIER = io.nfls.interference;
				PRODUCT_NAME = "$(TARGET_NAME)";
				SWIFT_VERSION = 4.0;
				TARGETED_DEVICE_FAMILY = "1,2";
			};
			name = Release;
		};
		658FEDFE205D0BFC00CAAC51 /* Debug */ = {
			isa = XCBuildConfiguration;
			buildSettings = {
				ALWAYS_EMBED_SWIFT_STANDARD_LIBRARIES = YES;
				BUNDLE_LOADER = "$(TEST_HOST)";
				CODE_SIGN_STYLE = Automatic;
				DEVELOPMENT_TEAM = K2P3533G4D;
				INFOPLIST_FILE = interferenceTests/Info.plist;
				LD_RUNPATH_SEARCH_PATHS = (
					"$(inherited)",
					"@executable_path/Frameworks",
					"@loader_path/Frameworks",
				);
				PRODUCT_BUNDLE_IDENTIFIER = io.nfls.interferenceTests;
				PRODUCT_NAME = "$(TARGET_NAME)";
				SWIFT_VERSION = 4.0;
				TARGETED_DEVICE_FAMILY = "1,2";
				TEST_HOST = "$(BUILT_PRODUCTS_DIR)/interference.app/interference";
			};
			name = Debug;
		};
		658FEDFF205D0BFC00CAAC51 /* Release */ = {
			isa = XCBuildConfiguration;
			buildSettings = {
				ALWAYS_EMBED_SWIFT_STANDARD_LIBRARIES = YES;
				BUNDLE_LOADER = "$(TEST_HOST)";
				CODE_SIGN_STYLE = Automatic;
				DEVELOPMENT_TEAM = K2P3533G4D;
				INFOPLIST_FILE = interferenceTests/Info.plist;
				LD_RUNPATH_SEARCH_PATHS = (
					"$(inherited)",
					"@executable_path/Frameworks",
					"@loader_path/Frameworks",
				);
				PRODUCT_BUNDLE_IDENTIFIER = io.nfls.interferenceTests;
				PRODUCT_NAME = "$(TARGET_NAME)";
				SWIFT_VERSION = 4.0;
				TARGETED_DEVICE_FAMILY = "1,2";
				TEST_HOST = "$(BUILT_PRODUCTS_DIR)/interference.app/interference";
			};
			name = Release;
		};
		658FEE01205D0BFC00CAAC51 /* Debug */ = {
			isa = XCBuildConfiguration;
			buildSettings = {
				ALWAYS_EMBED_SWIFT_STANDARD_LIBRARIES = YES;
				CODE_SIGN_STYLE = Automatic;
				DEVELOPMENT_TEAM = K2P3533G4D;
				INFOPLIST_FILE = interferenceUITests/Info.plist;
				LD_RUNPATH_SEARCH_PATHS = (
					"$(inherited)",
					"@executable_path/Frameworks",
					"@loader_path/Frameworks",
				);
				PRODUCT_BUNDLE_IDENTIFIER = io.nfls.interferenceUITests;
				PRODUCT_NAME = "$(TARGET_NAME)";
				SWIFT_VERSION = 4.0;
				TARGETED_DEVICE_FAMILY = "1,2";
				TEST_TARGET_NAME = interference;
			};
			name = Debug;
		};
		658FEE02205D0BFC00CAAC51 /* Release */ = {
			isa = XCBuildConfiguration;
			buildSettings = {
				ALWAYS_EMBED_SWIFT_STANDARD_LIBRARIES = YES;
				CODE_SIGN_STYLE = Automatic;
				DEVELOPMENT_TEAM = K2P3533G4D;
				INFOPLIST_FILE = interferenceUITests/Info.plist;
				LD_RUNPATH_SEARCH_PATHS = (
					"$(inherited)",
					"@executable_path/Frameworks",
					"@loader_path/Frameworks",
				);
				PRODUCT_BUNDLE_IDENTIFIER = io.nfls.interferenceUITests;
				PRODUCT_NAME = "$(TARGET_NAME)";
				SWIFT_VERSION = 4.0;
				TARGETED_DEVICE_FAMILY = "1,2";
				TEST_TARGET_NAME = interference;
			};
			name = Release;
		};
/* End XCBuildConfiguration section */

/* Begin XCConfigurationList section */
		658FEDCB205D0BFC00CAAC51 /* Build configuration list for PBXProject "interference" */ = {
			isa = XCConfigurationList;
			buildConfigurations = (
				658FEDF8205D0BFC00CAAC51 /* Debug */,
				658FEDF9205D0BFC00CAAC51 /* Release */,
			);
			defaultConfigurationIsVisible = 0;
			defaultConfigurationName = Release;
		};
		658FEDFA205D0BFC00CAAC51 /* Build configuration list for PBXNativeTarget "interference" */ = {
			isa = XCConfigurationList;
			buildConfigurations = (
				658FEDFB205D0BFC00CAAC51 /* Debug */,
				658FEDFC205D0BFC00CAAC51 /* Release */,
			);
			defaultConfigurationIsVisible = 0;
			defaultConfigurationName = Release;
		};
		658FEDFD205D0BFC00CAAC51 /* Build configuration list for PBXNativeTarget "interferenceTests" */ = {
			isa = XCConfigurationList;
			buildConfigurations = (
				658FEDFE205D0BFC00CAAC51 /* Debug */,
				658FEDFF205D0BFC00CAAC51 /* Release */,
			);
			defaultConfigurationIsVisible = 0;
			defaultConfigurationName = Release;
		};
		658FEE00205D0BFC00CAAC51 /* Build configuration list for PBXNativeTarget "interferenceUITests" */ = {
			isa = XCConfigurationList;
			buildConfigurations = (
				658FEE01205D0BFC00CAAC51 /* Debug */,
				658FEE02205D0BFC00CAAC51 /* Release */,
			);
			defaultConfigurationIsVisible = 0;
			defaultConfigurationName = Release;
		};
/* End XCConfigurationList section */
	};
	rootObject = 658FEDC8205D0BFC00CAAC51 /* Project object */;
}
