// !$*UTF8*$!
{
	archiveVersion = 1;
	classes = {
	};
	objectVersion = 48;
	objects = {

/* Begin PBXBuildFile section */
		651845172067894D0054A90B /* AppDelegate.swift in Sources */ = {isa = PBXBuildFile; fileRef = 651845162067894D0054A90B /* AppDelegate.swift */; };
		651845192067894D0054A90B /* ViewController.swift in Sources */ = {isa = PBXBuildFile; fileRef = 651845182067894D0054A90B /* ViewController.swift */; };
		6518451E2067894D0054A90B /* Assets.xcassets in Resources */ = {isa = PBXBuildFile; fileRef = 6518451D2067894D0054A90B /* Assets.xcassets */; };
		651845212067894D0054A90B /* LaunchScreen.storyboard in Resources */ = {isa = PBXBuildFile; fileRef = 6518451F2067894D0054A90B /* LaunchScreen.storyboard */; };
		6518452B206789EB0054A90B /* art.scnassets in Resources */ = {isa = PBXBuildFile; fileRef = 6518452A206789EB0054A90B /* art.scnassets */; };
		65AF995D20678D850099A372 /* TwoForksScene.swift in Sources */ = {isa = PBXBuildFile; fileRef = 65AF995120678D850099A372 /* TwoForksScene.swift */; };
		65AF995E20678D850099A372 /* ForkScene.swift in Sources */ = {isa = PBXBuildFile; fileRef = 65AF995220678D850099A372 /* ForkScene.swift */; };
		65AF995F20678D850099A372 /* WaveScene.swift in Sources */ = {isa = PBXBuildFile; fileRef = 65AF995320678D850099A372 /* WaveScene.swift */; };
		65AF996020678D850099A372 /* WaveForm.swift in Sources */ = {isa = PBXBuildFile; fileRef = 65AF995520678D850099A372 /* WaveForm.swift */; };
		65AF996120678D850099A372 /* WaveFormDoppler.swift in Sources */ = {isa = PBXBuildFile; fileRef = 65AF995620678D850099A372 /* WaveFormDoppler.swift */; };
		65AF996220678D850099A372 /* WaveFormDecreasing.swift in Sources */ = {isa = PBXBuildFile; fileRef = 65AF995720678D850099A372 /* WaveFormDecreasing.swift */; };
		65AF996320678D850099A372 /* Wave.swift in Sources */ = {isa = PBXBuildFile; fileRef = 65AF995820678D850099A372 /* Wave.swift */; };
		65AF996420678D850099A372 /* WaveFromProtocol.swift in Sources */ = {isa = PBXBuildFile; fileRef = 65AF995920678D850099A372 /* WaveFromProtocol.swift */; };
		65AF996520678D850099A372 /* WaveFormSimple.swift in Sources */ = {isa = PBXBuildFile; fileRef = 65AF995A20678D850099A372 /* WaveFormSimple.swift */; };
		65AF996620678D850099A372 /* WaveFormInterference.swift in Sources */ = {isa = PBXBuildFile; fileRef = 65AF995B20678D850099A372 /* WaveFormInterference.swift */; };
		65AF996720678D850099A372 /* Oscilloscope.swift in Sources */ = {isa = PBXBuildFile; fileRef = 65AF995C20678D850099A372 /* Oscilloscope.swift */; };
		65AF99692067A1F30099A372 /* WaveBehavior.swift in Sources */ = {isa = PBXBuildFile; fileRef = 65AF99682067A1F30099A372 /* WaveBehavior.swift */; };
		65AF996A2067A8F20099A372 /* Main.storyboard in Resources */ = {isa = PBXBuildFile; fileRef = 6518451A2067894D0054A90B /* Main.storyboard */; };
/* End PBXBuildFile section */

/* Begin PBXFileReference section */
		651845132067894D0054A90B /* wwdc.app */ = {isa = PBXFileReference; explicitFileType = wrapper.application; includeInIndex = 0; path = wwdc.app; sourceTree = BUILT_PRODUCTS_DIR; };
		651845162067894D0054A90B /* AppDelegate.swift */ = {isa = PBXFileReference; lastKnownFileType = sourcecode.swift; path = AppDelegate.swift; sourceTree = "<group>"; };
		651845182067894D0054A90B /* ViewController.swift */ = {isa = PBXFileReference; lastKnownFileType = sourcecode.swift; path = ViewController.swift; sourceTree = "<group>"; };
		6518451B2067894D0054A90B /* Base */ = {isa = PBXFileReference; lastKnownFileType = file.storyboard; name = Base; path = Base.lproj/Main.storyboard; sourceTree = "<group>"; };
		6518451D2067894D0054A90B /* Assets.xcassets */ = {isa = PBXFileReference; lastKnownFileType = folder.assetcatalog; path = Assets.xcassets; sourceTree = "<group>"; };
		651845202067894D0054A90B /* Base */ = {isa = PBXFileReference; lastKnownFileType = file.storyboard; name = Base; path = Base.lproj/LaunchScreen.storyboard; sourceTree = "<group>"; };
		651845222067894D0054A90B /* Info.plist */ = {isa = PBXFileReference; lastKnownFileType = text.plist.xml; path = Info.plist; sourceTree = "<group>"; };
		6518452A206789EB0054A90B /* art.scnassets */ = {isa = PBXFileReference; lastKnownFileType = wrapper.scnassets; name = art.scnassets; path = ../../Introduction.playground/Resources/art.scnassets; sourceTree = "<group>"; };
		65AF995120678D850099A372 /* TwoForksScene.swift */ = {isa = PBXFileReference; fileEncoding = 4; lastKnownFileType = sourcecode.swift; path = TwoForksScene.swift; sourceTree = "<group>"; };
		65AF995220678D850099A372 /* ForkScene.swift */ = {isa = PBXFileReference; fileEncoding = 4; lastKnownFileType = sourcecode.swift; path = ForkScene.swift; sourceTree = "<group>"; };
		65AF995320678D850099A372 /* WaveScene.swift */ = {isa = PBXFileReference; fileEncoding = 4; lastKnownFileType = sourcecode.swift; path = WaveScene.swift; sourceTree = "<group>"; };
		65AF995520678D850099A372 /* WaveForm.swift */ = {isa = PBXFileReference; fileEncoding = 4; lastKnownFileType = sourcecode.swift; path = WaveForm.swift; sourceTree = "<group>"; };
		65AF995620678D850099A372 /* WaveFormDoppler.swift */ = {isa = PBXFileReference; fileEncoding = 4; lastKnownFileType = sourcecode.swift; path = WaveFormDoppler.swift; sourceTree = "<group>"; };
		65AF995720678D850099A372 /* WaveFormDecreasing.swift */ = {isa = PBXFileReference; fileEncoding = 4; lastKnownFileType = sourcecode.swift; path = WaveFormDecreasing.swift; sourceTree = "<group>"; };
		65AF995820678D850099A372 /* Wave.swift */ = {isa = PBXFileReference; fileEncoding = 4; lastKnownFileType = sourcecode.swift; path = Wave.swift; sourceTree = "<group>"; };
		65AF995920678D850099A372 /* WaveFromProtocol.swift */ = {isa = PBXFileReference; fileEncoding = 4; lastKnownFileType = sourcecode.swift; path = WaveFromProtocol.swift; sourceTree = "<group>"; };
		65AF995A20678D850099A372 /* WaveFormSimple.swift */ = {isa = PBXFileReference; fileEncoding = 4; lastKnownFileType = sourcecode.swift; path = WaveFormSimple.swift; sourceTree = "<group>"; };
		65AF995B20678D850099A372 /* WaveFormInterference.swift */ = {isa = PBXFileReference; fileEncoding = 4; lastKnownFileType = sourcecode.swift; path = WaveFormInterference.swift; sourceTree = "<group>"; };
		65AF995C20678D850099A372 /* Oscilloscope.swift */ = {isa = PBXFileReference; fileEncoding = 4; lastKnownFileType = sourcecode.swift; path = Oscilloscope.swift; sourceTree = "<group>"; };
		65AF99682067A1F30099A372 /* WaveBehavior.swift */ = {isa = PBXFileReference; lastKnownFileType = sourcecode.swift; path = WaveBehavior.swift; sourceTree = "<group>"; };
/* End PBXFileReference section */

/* Begin PBXFrameworksBuildPhase section */
		651845102067894D0054A90B /* Frameworks */ = {
			isa = PBXFrameworksBuildPhase;
			buildActionMask = 2147483647;
			files = (
			);
			runOnlyForDeploymentPostprocessing = 0;
		};
/* End PBXFrameworksBuildPhase section */

/* Begin PBXGroup section */
		6518450A2067894D0054A90B = {
			isa = PBXGroup;
			children = (
				651845152067894D0054A90B /* wwdc */,
				651845142067894D0054A90B /* Products */,
			);
			sourceTree = "<group>";
		};
		651845142067894D0054A90B /* Products */ = {
			isa = PBXGroup;
			children = (
				651845132067894D0054A90B /* wwdc.app */,
			);
			name = Products;
			sourceTree = "<group>";
		};
		651845152067894D0054A90B /* wwdc */ = {
			isa = PBXGroup;
			children = (
				65AF995020678D850099A372 /* Sources */,
				6518452A206789EB0054A90B /* art.scnassets */,
				651845162067894D0054A90B /* AppDelegate.swift */,
				651845182067894D0054A90B /* ViewController.swift */,
				6518451A2067894D0054A90B /* Main.storyboard */,
				6518451D2067894D0054A90B /* Assets.xcassets */,
				6518451F2067894D0054A90B /* LaunchScreen.storyboard */,
				651845222067894D0054A90B /* Info.plist */,
			);
			path = wwdc;
			sourceTree = "<group>";
		};
		65AF995020678D850099A372 /* Sources */ = {
			isa = PBXGroup;
			children = (
				65AF995120678D850099A372 /* TwoForksScene.swift */,
				65AF995220678D850099A372 /* ForkScene.swift */,
				65AF995320678D850099A372 /* WaveScene.swift */,
				65AF995420678D850099A372 /* Wave */,
				65AF995C20678D850099A372 /* Oscilloscope.swift */,
			);
			name = Sources;
			path = ../../Introduction.playground/Sources;
			sourceTree = "<group>";
		};
		65AF995420678D850099A372 /* Wave */ = {
			isa = PBXGroup;
			children = (
				65AF995520678D850099A372 /* WaveForm.swift */,
				65AF995620678D850099A372 /* WaveFormDoppler.swift */,
				65AF995720678D850099A372 /* WaveFormDecreasing.swift */,
				65AF995820678D850099A372 /* Wave.swift */,
				65AF995920678D850099A372 /* WaveFromProtocol.swift */,
				65AF995A20678D850099A372 /* WaveFormSimple.swift */,
				65AF995B20678D850099A372 /* WaveFormInterference.swift */,
				65AF99682067A1F30099A372 /* WaveBehavior.swift */,
			);
			path = Wave;
			sourceTree = "<group>";
		};
/* End PBXGroup section */

/* Begin PBXNativeTarget section */
		651845122067894D0054A90B /* wwdc */ = {
			isa = PBXNativeTarget;
			buildConfigurationList = 651845252067894D0054A90B /* Build configuration list for PBXNativeTarget "wwdc" */;
			buildPhases = (
				6518450F2067894D0054A90B /* Sources */,
				651845102067894D0054A90B /* Frameworks */,
				651845112067894D0054A90B /* Resources */,
			);
			buildRules = (
			);
			dependencies = (
			);
			name = wwdc;
			productName = wwdc;
			productReference = 651845132067894D0054A90B /* wwdc.app */;
			productType = "com.apple.product-type.application";
		};
/* End PBXNativeTarget section */

/* Begin PBXProject section */
		6518450B2067894D0054A90B /* Project object */ = {
			isa = PBXProject;
			attributes = {
				LastSwiftUpdateCheck = 0920;
				LastUpgradeCheck = 0920;
				ORGANIZATIONNAME = "Qingyang Hu";
				TargetAttributes = {
					651845122067894D0054A90B = {
						CreatedOnToolsVersion = 9.2;
						ProvisioningStyle = Automatic;
					};
				};
			};
			buildConfigurationList = 6518450E2067894D0054A90B /* Build configuration list for PBXProject "wwdc" */;
			compatibilityVersion = "Xcode 8.0";
			developmentRegion = en;
			hasScannedForEncodings = 0;
			knownRegions = (
				en,
				Base,
			);
			mainGroup = 6518450A2067894D0054A90B;
			productRefGroup = 651845142067894D0054A90B /* Products */;
			projectDirPath = "";
			projectRoot = "";
			targets = (
				651845122067894D0054A90B /* wwdc */,
			);
		};
/* End PBXProject section */

/* Begin PBXResourcesBuildPhase section */
		651845112067894D0054A90B /* Resources */ = {
			isa = PBXResourcesBuildPhase;
			buildActionMask = 2147483647;
			files = (
				651845212067894D0054A90B /* LaunchScreen.storyboard in Resources */,
				6518451E2067894D0054A90B /* Assets.xcassets in Resources */,
				6518452B206789EB0054A90B /* art.scnassets in Resources */,
				65AF996A2067A8F20099A372 /* Main.storyboard in Resources */,
			);
			runOnlyForDeploymentPostprocessing = 0;
		};
/* End PBXResourcesBuildPhase section */

/* Begin PBXSourcesBuildPhase section */
		6518450F2067894D0054A90B /* Sources */ = {
			isa = PBXSourcesBuildPhase;
			buildActionMask = 2147483647;
			files = (
				65AF996020678D850099A372 /* WaveForm.swift in Sources */,
				65AF996120678D850099A372 /* WaveFormDoppler.swift in Sources */,
				65AF996620678D850099A372 /* WaveFormInterference.swift in Sources */,
				651845192067894D0054A90B /* ViewController.swift in Sources */,
				65AF996320678D850099A372 /* Wave.swift in Sources */,
				651845172067894D0054A90B /* AppDelegate.swift in Sources */,
				65AF995E20678D850099A372 /* ForkScene.swift in Sources */,
				65AF996420678D850099A372 /* WaveFromProtocol.swift in Sources */,
				65AF996720678D850099A372 /* Oscilloscope.swift in Sources */,
				65AF995D20678D850099A372 /* TwoForksScene.swift in Sources */,
				65AF995F20678D850099A372 /* WaveScene.swift in Sources */,
				65AF996220678D850099A372 /* WaveFormDecreasing.swift in Sources */,
				65AF99692067A1F30099A372 /* WaveBehavior.swift in Sources */,
				65AF996520678D850099A372 /* WaveFormSimple.swift in Sources */,
			);
			runOnlyForDeploymentPostprocessing = 0;
		};
/* End PBXSourcesBuildPhase section */

/* Begin PBXVariantGroup section */
		6518451A2067894D0054A90B /* Main.storyboard */ = {
			isa = PBXVariantGroup;
			children = (
				6518451B2067894D0054A90B /* Base */,
			);
			name = Main.storyboard;
			sourceTree = "<group>";
		};
		6518451F2067894D0054A90B /* LaunchScreen.storyboard */ = {
			isa = PBXVariantGroup;
			children = (
				651845202067894D0054A90B /* Base */,
			);
			name = LaunchScreen.storyboard;
			sourceTree = "<group>";
		};
/* End PBXVariantGroup section */

/* Begin XCBuildConfiguration section */
		651845232067894D0054A90B /* Debug */ = {
			isa = XCBuildConfiguration;
			buildSettings = {
				ALWAYS_SEARCH_USER_PATHS = NO;
				CLANG_ANALYZER_NONNULL = YES;
				CLANG_ANALYZER_NUMBER_OBJECT_CONVERSION = YES_AGGRESSIVE;
				CLANG_CXX_LANGUAGE_STANDARD = "gnu++14";
				CLANG_CXX_LIBRARY = "libc++";
				CLANG_ENABLE_MODULES = YES;
				CLANG_ENABLE_OBJC_ARC = YES;
				CLANG_WARN_BLOCK_CAPTURE_AUTORELEASING = YES;
				CLANG_WARN_BOOL_CONVERSION = YES;
				CLANG_WARN_COMMA = YES;
				CLANG_WARN_CONSTANT_CONVERSION = YES;
				CLANG_WARN_DIRECT_OBJC_ISA_USAGE = YES_ERROR;
				CLANG_WARN_DOCUMENTATION_COMMENTS = YES;
				CLANG_WARN_EMPTY_BODY = YES;
				CLANG_WARN_ENUM_CONVERSION = YES;
				CLANG_WARN_INFINITE_RECURSION = YES;
				CLANG_WARN_INT_CONVERSION = YES;
				CLANG_WARN_NON_LITERAL_NULL_CONVERSION = YES;
				CLANG_WARN_OBJC_LITERAL_CONVERSION = YES;
				CLANG_WARN_OBJC_ROOT_CLASS = YES_ERROR;
				CLANG_WARN_RANGE_LOOP_ANALYSIS = YES;
				CLANG_WARN_STRICT_PROTOTYPES = YES;
				CLANG_WARN_SUSPICIOUS_MOVE = YES;
				CLANG_WARN_UNGUARDED_AVAILABILITY = YES_AGGRESSIVE;
				CLANG_WARN_UNREACHABLE_CODE = YES;
				CLANG_WARN__DUPLICATE_METHOD_MATCH = YES;
				CODE_SIGN_IDENTITY = "iPhone Developer";
				COPY_PHASE_STRIP = NO;
				DEBUG_INFORMATION_FORMAT = dwarf;
				ENABLE_STRICT_OBJC_MSGSEND = YES;
				ENABLE_TESTABILITY = YES;
				GCC_C_LANGUAGE_STANDARD = gnu11;
				GCC_DYNAMIC_NO_PIC = NO;
				GCC_NO_COMMON_BLOCKS = YES;
				GCC_OPTIMIZATION_LEVEL = 0;
				GCC_PREPROCESSOR_DEFINITIONS = (
					"DEBUG=1",
					"$(inherited)",
				);
				GCC_WARN_64_TO_32_BIT_CONVERSION = YES;
				GCC_WARN_ABOUT_RETURN_TYPE = YES_ERROR;
				GCC_WARN_UNDECLARED_SELECTOR = YES;
				GCC_WARN_UNINITIALIZED_AUTOS = YES_AGGRESSIVE;
				GCC_WARN_UNUSED_FUNCTION = YES;
				GCC_WARN_UNUSED_VARIABLE = YES;
				IPHONEOS_DEPLOYMENT_TARGET = 11.2;
				MTL_ENABLE_DEBUG_INFO = YES;
				ONLY_ACTIVE_ARCH = YES;
				SDKROOT = iphoneos;
				SWIFT_ACTIVE_COMPILATION_CONDITIONS = DEBUG;
				SWIFT_OPTIMIZATION_LEVEL = "-Onone";
			};
			name = Debug;
		};
		651845242067894D0054A90B /* Release */ = {
			isa = XCBuildConfiguration;
			buildSettings = {
				ALWAYS_SEARCH_USER_PATHS = NO;
				CLANG_ANALYZER_NONNULL = YES;
				CLANG_ANALYZER_NUMBER_OBJECT_CONVERSION = YES_AGGRESSIVE;
				CLANG_CXX_LANGUAGE_STANDARD = "gnu++14";
				CLANG_CXX_LIBRARY = "libc++";
				CLANG_ENABLE_MODULES = YES;
				CLANG_ENABLE_OBJC_ARC = YES;
				CLANG_WARN_BLOCK_CAPTURE_AUTORELEASING = YES;
				CLANG_WARN_BOOL_CONVERSION = YES;
				CLANG_WARN_COMMA = YES;
				CLANG_WARN_CONSTANT_CONVERSION = YES;
				CLANG_WARN_DIRECT_OBJC_ISA_USAGE = YES_ERROR;
				CLANG_WARN_DOCUMENTATION_COMMENTS = YES;
				CLANG_WARN_EMPTY_BODY = YES;
				CLANG_WARN_ENUM_CONVERSION = YES;
				CLANG_WARN_INFINITE_RECURSION = YES;
				CLANG_WARN_INT_CONVERSION = YES;
				CLANG_WARN_NON_LITERAL_NULL_CONVERSION = YES;
				CLANG_WARN_OBJC_LITERAL_CONVERSION = YES;
				CLANG_WARN_OBJC_ROOT_CLASS = YES_ERROR;
				CLANG_WARN_RANGE_LOOP_ANALYSIS = YES;
				CLANG_WARN_STRICT_PROTOTYPES = YES;
				CLANG_WARN_SUSPICIOUS_MOVE = YES;
				CLANG_WARN_UNGUARDED_AVAILABILITY = YES_AGGRESSIVE;
				CLANG_WARN_UNREACHABLE_CODE = YES;
				CLANG_WARN__DUPLICATE_METHOD_MATCH = YES;
				CODE_SIGN_IDENTITY = "iPhone Developer";
				COPY_PHASE_STRIP = NO;
				DEBUG_INFORMATION_FORMAT = "dwarf-with-dsym";
				ENABLE_NS_ASSERTIONS = NO;
				ENABLE_STRICT_OBJC_MSGSEND = YES;
				GCC_C_LANGUAGE_STANDARD = gnu11;
				GCC_NO_COMMON_BLOCKS = YES;
				GCC_WARN_64_TO_32_BIT_CONVERSION = YES;
				GCC_WARN_ABOUT_RETURN_TYPE = YES_ERROR;
				GCC_WARN_UNDECLARED_SELECTOR = YES;
				GCC_WARN_UNINITIALIZED_AUTOS = YES_AGGRESSIVE;
				GCC_WARN_UNUSED_FUNCTION = YES;
				GCC_WARN_UNUSED_VARIABLE = YES;
				IPHONEOS_DEPLOYMENT_TARGET = 11.2;
				MTL_ENABLE_DEBUG_INFO = NO;
				SDKROOT = iphoneos;
				SWIFT_OPTIMIZATION_LEVEL = "-Owholemodule";
				VALIDATE_PRODUCT = YES;
			};
			name = Release;
		};
		651845262067894D0054A90B /* Debug */ = {
			isa = XCBuildConfiguration;
			buildSettings = {
				ASSETCATALOG_COMPILER_APPICON_NAME = AppIcon;
				CODE_SIGN_STYLE = Automatic;
				DEVELOPMENT_TEAM = K2P3533G4D;
				INFOPLIST_FILE = wwdc/Info.plist;
				LD_RUNPATH_SEARCH_PATHS = "$(inherited) @executable_path/Frameworks";
				PRODUCT_BUNDLE_IDENTIFIER = io.nfls.wwdc;
				PRODUCT_NAME = "$(TARGET_NAME)";
				SWIFT_VERSION = 4.0;
				TARGETED_DEVICE_FAMILY = "1,2";
			};
			name = Debug;
		};
		651845272067894D0054A90B /* Release */ = {
			isa = XCBuildConfiguration;
			buildSettings = {
				ASSETCATALOG_COMPILER_APPICON_NAME = AppIcon;
				CODE_SIGN_STYLE = Automatic;
				DEVELOPMENT_TEAM = K2P3533G4D;
				INFOPLIST_FILE = wwdc/Info.plist;
				LD_RUNPATH_SEARCH_PATHS = "$(inherited) @executable_path/Frameworks";
				PRODUCT_BUNDLE_IDENTIFIER = io.nfls.wwdc;
				PRODUCT_NAME = "$(TARGET_NAME)";
				SWIFT_VERSION = 4.0;
				TARGETED_DEVICE_FAMILY = "1,2";
			};
			name = Release;
		};
/* End XCBuildConfiguration section */

/* Begin XCConfigurationList section */
		6518450E2067894D0054A90B /* Build configuration list for PBXProject "wwdc" */ = {
			isa = XCConfigurationList;
			buildConfigurations = (
				651845232067894D0054A90B /* Debug */,
				651845242067894D0054A90B /* Release */,
			);
			defaultConfigurationIsVisible = 0;
			defaultConfigurationName = Release;
		};
		651845252067894D0054A90B /* Build configuration list for PBXNativeTarget "wwdc" */ = {
			isa = XCConfigurationList;
			buildConfigurations = (
				651845262067894D0054A90B /* Debug */,
				651845272067894D0054A90B /* Release */,
			);
			defaultConfigurationIsVisible = 0;
			defaultConfigurationName = Release;
		};
/* End XCConfigurationList section */
	};
	rootObject = 6518450B2067894D0054A90B /* Project object */;
}
