// !$*UTF8*$!
{
	archiveVersion = 1;
	classes = {
	};
	objectVersion = 50;
	objects = {

/* Begin PBXBuildFile section */
		658FED98205D0A9200CAAC51 /* AppDelegate.swift in Sources */ = {isa = PBXBuildFile; fileRef = 658FED97205D0A9200CAAC51 /* AppDelegate.swift */; };
		658FED9A205D0A9200CAAC51 /* art.scnassets in Resources */ = {isa = PBXBuildFile; fileRef = 658FED99205D0A9200CAAC51 /* art.scnassets */; };
		658FED9C205D0A9200CAAC51 /* ViewController.swift in Sources */ = {isa = PBXBuildFile; fileRef = 658FED9B205D0A9200CAAC51 /* ViewController.swift */; };
		658FED9F205D0A9200CAAC51 /* Main.storyboard in Resources */ = {isa = PBXBuildFile; fileRef = 658FED9D205D0A9200CAAC51 /* Main.storyboard */; };
		658FEDA1205D0A9400CAAC51 /* Assets.xcassets in Resources */ = {isa = PBXBuildFile; fileRef = 658FEDA0205D0A9400CAAC51 /* Assets.xcassets */; };
		658FEDA4205D0A9400CAAC51 /* LaunchScreen.storyboard in Resources */ = {isa = PBXBuildFile; fileRef = 658FEDA2205D0A9400CAAC51 /* LaunchScreen.storyboard */; };
		658FEDAF205D0A9400CAAC51 /* arkitTests.swift in Sources */ = {isa = PBXBuildFile; fileRef = 658FEDAE205D0A9400CAAC51 /* arkitTests.swift */; };
		658FEDBA205D0A9400CAAC51 /* arkitUITests.swift in Sources */ = {isa = PBXBuildFile; fileRef = 658FEDB9205D0A9400CAAC51 /* arkitUITests.swift */; };
/* End PBXBuildFile section */

/* Begin PBXContainerItemProxy section */
		658FEDAB205D0A9400CAAC51 /* PBXContainerItemProxy */ = {
			isa = PBXContainerItemProxy;
			containerPortal = 658FED8C205D0A9200CAAC51 /* Project object */;
			proxyType = 1;
			remoteGlobalIDString = 658FED93205D0A9200CAAC51;
			remoteInfo = arkit;
		};
		658FEDB6205D0A9400CAAC51 /* PBXContainerItemProxy */ = {
			isa = PBXContainerItemProxy;
			containerPortal = 658FED8C205D0A9200CAAC51 /* Project object */;
			proxyType = 1;
			remoteGlobalIDString = 658FED93205D0A9200CAAC51;
			remoteInfo = arkit;
		};
/* End PBXContainerItemProxy section */

/* Begin PBXFileReference section */
		658FED94205D0A9200CAAC51 /* arkit.app */ = {isa = PBXFileReference; explicitFileType = wrapper.application; includeInIndex = 0; path = arkit.app; sourceTree = BUILT_PRODUCTS_DIR; };
		658FED97205D0A9200CAAC51 /* AppDelegate.swift */ = {isa = PBXFileReference; lastKnownFileType = sourcecode.swift; path = AppDelegate.swift; sourceTree = "<group>"; };
		658FED99205D0A9200CAAC51 /* art.scnassets */ = {isa = PBXFileReference; lastKnownFileType = wrapper.scnassets; path = art.scnassets; sourceTree = "<group>"; };
		658FED9B205D0A9200CAAC51 /* ViewController.swift */ = {isa = PBXFileReference; lastKnownFileType = sourcecode.swift; path = ViewController.swift; sourceTree = "<group>"; };
		658FED9E205D0A9200CAAC51 /* Base */ = {isa = PBXFileReference; lastKnownFileType = file.storyboard; name = Base; path = Base.lproj/Main.storyboard; sourceTree = "<group>"; };
		658FEDA0205D0A9400CAAC51 /* Assets.xcassets */ = {isa = PBXFileReference; lastKnownFileType = folder.assetcatalog; path = Assets.xcassets; sourceTree = "<group>"; };
		658FEDA3205D0A9400CAAC51 /* Base */ = {isa = PBXFileReference; lastKnownFileType = file.storyboard; name = Base; path = Base.lproj/LaunchScreen.storyboard; sourceTree = "<group>"; };
		658FEDA5205D0A9400CAAC51 /* Info.plist */ = {isa = PBXFileReference; lastKnownFileType = text.plist.xml; path = Info.plist; sourceTree = "<group>"; };
		658FEDAA205D0A9400CAAC51 /* arkitTests.xctest */ = {isa = PBXFileReference; explicitFileType = wrapper.cfbundle; includeInIndex = 0; path = arkitTests.xctest; sourceTree = BUILT_PRODUCTS_DIR; };
		658FEDAE205D0A9400CAAC51 /* arkitTests.swift */ = {isa = PBXFileReference; lastKnownFileType = sourcecode.swift; path = arkitTests.swift; sourceTree = "<group>"; };
		658FEDB0205D0A9400CAAC51 /* Info.plist */ = {isa = PBXFileReference; lastKnownFileType = text.plist.xml; path = Info.plist; sourceTree = "<group>"; };
		658FEDB5205D0A9400CAAC51 /* arkitUITests.xctest */ = {isa = PBXFileReference; explicitFileType = wrapper.cfbundle; includeInIndex = 0; path = arkitUITests.xctest; sourceTree = BUILT_PRODUCTS_DIR; };
		658FEDB9205D0A9400CAAC51 /* arkitUITests.swift */ = {isa = PBXFileReference; lastKnownFileType = sourcecode.swift; path = arkitUITests.swift; sourceTree = "<group>"; };
		658FEDBB205D0A9400CAAC51 /* Info.plist */ = {isa = PBXFileReference; lastKnownFileType = text.plist.xml; path = Info.plist; sourceTree = "<group>"; };
/* End PBXFileReference section */

/* Begin PBXFrameworksBuildPhase section */
		658FED91205D0A9200CAAC51 /* Frameworks */ = {
			isa = PBXFrameworksBuildPhase;
			buildActionMask = 2147483647;
			files = (
			);
			runOnlyForDeploymentPostprocessing = 0;
		};
		658FEDA7205D0A9400CAAC51 /* Frameworks */ = {
			isa = PBXFrameworksBuildPhase;
			buildActionMask = 2147483647;
			files = (
			);
			runOnlyForDeploymentPostprocessing = 0;
		};
		658FEDB2205D0A9400CAAC51 /* Frameworks */ = {
			isa = PBXFrameworksBuildPhase;
			buildActionMask = 2147483647;
			files = (
			);
			runOnlyForDeploymentPostprocessing = 0;
		};
/* End PBXFrameworksBuildPhase section */

/* Begin PBXGroup section */
		658FED8B205D0A9200CAAC51 = {
			isa = PBXGroup;
			children = (
				658FED96205D0A9200CAAC51 /* arkit */,
				658FEDAD205D0A9400CAAC51 /* arkitTests */,
				658FEDB8205D0A9400CAAC51 /* arkitUITests */,
				658FED95205D0A9200CAAC51 /* Products */,
			);
			sourceTree = "<group>";
		};
		658FED95205D0A9200CAAC51 /* Products */ = {
			isa = PBXGroup;
			children = (
				658FED94205D0A9200CAAC51 /* arkit.app */,
				658FEDAA205D0A9400CAAC51 /* arkitTests.xctest */,
				658FEDB5205D0A9400CAAC51 /* arkitUITests.xctest */,
			);
			name = Products;
			sourceTree = "<group>";
		};
		658FED96205D0A9200CAAC51 /* arkit */ = {
			isa = PBXGroup;
			children = (
				658FED97205D0A9200CAAC51 /* AppDelegate.swift */,
				658FED99205D0A9200CAAC51 /* art.scnassets */,
				658FED9B205D0A9200CAAC51 /* ViewController.swift */,
				658FED9D205D0A9200CAAC51 /* Main.storyboard */,
				658FEDA0205D0A9400CAAC51 /* Assets.xcassets */,
				658FEDA2205D0A9400CAAC51 /* LaunchScreen.storyboard */,
				658FEDA5205D0A9400CAAC51 /* Info.plist */,
			);
			path = arkit;
			sourceTree = "<group>";
		};
		658FEDAD205D0A9400CAAC51 /* arkitTests */ = {
			isa = PBXGroup;
			children = (
				658FEDAE205D0A9400CAAC51 /* arkitTests.swift */,
				658FEDB0205D0A9400CAAC51 /* Info.plist */,
			);
			path = arkitTests;
			sourceTree = "<group>";
		};
		658FEDB8205D0A9400CAAC51 /* arkitUITests */ = {
			isa = PBXGroup;
			children = (
				658FEDB9205D0A9400CAAC51 /* arkitUITests.swift */,
				658FEDBB205D0A9400CAAC51 /* Info.plist */,
			);
			path = arkitUITests;
			sourceTree = "<group>";
		};
/* End PBXGroup section */

/* Begin PBXNativeTarget section */
		658FED93205D0A9200CAAC51 /* arkit */ = {
			isa = PBXNativeTarget;
			buildConfigurationList = 658FEDBE205D0A9400CAAC51 /* Build configuration list for PBXNativeTarget "arkit" */;
			buildPhases = (
				658FED90205D0A9200CAAC51 /* Sources */,
				658FED91205D0A9200CAAC51 /* Frameworks */,
				658FED92205D0A9200CAAC51 /* Resources */,
			);
			buildRules = (
			);
			dependencies = (
			);
			name = arkit;
			productName = arkit;
			productReference = 658FED94205D0A9200CAAC51 /* arkit.app */;
			productType = "com.apple.product-type.application";
		};
		658FEDA9205D0A9400CAAC51 /* arkitTests */ = {
			isa = PBXNativeTarget;
			buildConfigurationList = 658FEDC1205D0A9400CAAC51 /* Build configuration list for PBXNativeTarget "arkitTests" */;
			buildPhases = (
				658FEDA6205D0A9400CAAC51 /* Sources */,
				658FEDA7205D0A9400CAAC51 /* Frameworks */,
				658FEDA8205D0A9400CAAC51 /* Resources */,
			);
			buildRules = (
			);
			dependencies = (
				658FEDAC205D0A9400CAAC51 /* PBXTargetDependency */,
			);
			name = arkitTests;
			productName = arkitTests;
			productReference = 658FEDAA205D0A9400CAAC51 /* arkitTests.xctest */;
			productType = "com.apple.product-type.bundle.unit-test";
		};
		658FEDB4205D0A9400CAAC51 /* arkitUITests */ = {
			isa = PBXNativeTarget;
			buildConfigurationList = 658FEDC4205D0A9400CAAC51 /* Build configuration list for PBXNativeTarget "arkitUITests" */;
			buildPhases = (
				658FEDB1205D0A9400CAAC51 /* Sources */,
				658FEDB2205D0A9400CAAC51 /* Frameworks */,
				658FEDB3205D0A9400CAAC51 /* Resources */,
			);
			buildRules = (
			);
			dependencies = (
				658FEDB7205D0A9400CAAC51 /* PBXTargetDependency */,
			);
			name = arkitUITests;
			productName = arkitUITests;
			productReference = 658FEDB5205D0A9400CAAC51 /* arkitUITests.xctest */;
			productType = "com.apple.product-type.bundle.ui-testing";
		};
/* End PBXNativeTarget section */

/* Begin PBXProject section */
		658FED8C205D0A9200CAAC51 /* Project object */ = {
			isa = PBXProject;
			attributes = {
				LastSwiftUpdateCheck = 0930;
				LastUpgradeCheck = 0930;
				ORGANIZATIONNAME = "Qingyang Hu";
				TargetAttributes = {
					658FED93205D0A9200CAAC51 = {
						CreatedOnToolsVersion = 9.3;
					};
					658FEDA9205D0A9400CAAC51 = {
						CreatedOnToolsVersion = 9.3;
						TestTargetID = 658FED93205D0A9200CAAC51;
					};
					658FEDB4205D0A9400CAAC51 = {
						CreatedOnToolsVersion = 9.3;
						TestTargetID = 658FED93205D0A9200CAAC51;
					};
				};
			};
			buildConfigurationList = 658FED8F205D0A9200CAAC51 /* Build configuration list for PBXProject "arkit" */;
			compatibilityVersion = "Xcode 9.3";
			developmentRegion = en;
			hasScannedForEncodings = 0;
			knownRegions = (
				en,
				Base,
			);
			mainGroup = 658FED8B205D0A9200CAAC51;
			productRefGroup = 658FED95205D0A9200CAAC51 /* Products */;
			projectDirPath = "";
			projectRoot = "";
			targets = (
				658FED93205D0A9200CAAC51 /* arkit */,
				658FEDA9205D0A9400CAAC51 /* arkitTests */,
				658FEDB4205D0A9400CAAC51 /* arkitUITests */,
			);
		};
/* End PBXProject section */

/* Begin PBXResourcesBuildPhase section */
		658FED92205D0A9200CAAC51 /* Resources */ = {
			isa = PBXResourcesBuildPhase;
			buildActionMask = 2147483647;
			files = (
				658FED9A205D0A9200CAAC51 /* art.scnassets in Resources */,
				658FEDA4205D0A9400CAAC51 /* LaunchScreen.storyboard in Resources */,
				658FEDA1205D0A9400CAAC51 /* Assets.xcassets in Resources */,
				658FED9F205D0A9200CAAC51 /* Main.storyboard in Resources */,
			);
			runOnlyForDeploymentPostprocessing = 0;
		};
		658FEDA8205D0A9400CAAC51 /* Resources */ = {
			isa = PBXResourcesBuildPhase;
			buildActionMask = 2147483647;
			files = (
			);
			runOnlyForDeploymentPostprocessing = 0;
		};
		658FEDB3205D0A9400CAAC51 /* Resources */ = {
			isa = PBXResourcesBuildPhase;
			buildActionMask = 2147483647;
			files = (
			);
			runOnlyForDeploymentPostprocessing = 0;
		};
/* End PBXResourcesBuildPhase section */

/* Begin PBXSourcesBuildPhase section */
		658FED90205D0A9200CAAC51 /* Sources */ = {
			isa = PBXSourcesBuildPhase;
			buildActionMask = 2147483647;
			files = (
				658FED9C205D0A9200CAAC51 /* ViewController.swift in Sources */,
				658FED98205D0A9200CAAC51 /* AppDelegate.swift in Sources */,
			);
			runOnlyForDeploymentPostprocessing = 0;
		};
		658FEDA6205D0A9400CAAC51 /* Sources */ = {
			isa = PBXSourcesBuildPhase;
			buildActionMask = 2147483647;
			files = (
				658FEDAF205D0A9400CAAC51 /* arkitTests.swift in Sources */,
			);
			runOnlyForDeploymentPostprocessing = 0;
		};
		658FEDB1205D0A9400CAAC51 /* Sources */ = {
			isa = PBXSourcesBuildPhase;
			buildActionMask = 2147483647;
			files = (
				658FEDBA205D0A9400CAAC51 /* arkitUITests.swift in Sources */,
			);
			runOnlyForDeploymentPostprocessing = 0;
		};
/* End PBXSourcesBuildPhase section */

/* Begin PBXTargetDependency section */
		658FEDAC205D0A9400CAAC51 /* PBXTargetDependency */ = {
			isa = PBXTargetDependency;
			target = 658FED93205D0A9200CAAC51 /* arkit */;
			targetProxy = 658FEDAB205D0A9400CAAC51 /* PBXContainerItemProxy */;
		};
		658FEDB7205D0A9400CAAC51 /* PBXTargetDependency */ = {
			isa = PBXTargetDependency;
			target = 658FED93205D0A9200CAAC51 /* arkit */;
			targetProxy = 658FEDB6205D0A9400CAAC51 /* PBXContainerItemProxy */;
		};
/* End PBXTargetDependency section */

/* Begin PBXVariantGroup section */
		658FED9D205D0A9200CAAC51 /* Main.storyboard */ = {
			isa = PBXVariantGroup;
			children = (
				658FED9E205D0A9200CAAC51 /* Base */,
			);
			name = Main.storyboard;
			sourceTree = "<group>";
		};
		658FEDA2205D0A9400CAAC51 /* LaunchScreen.storyboard */ = {
			isa = PBXVariantGroup;
			children = (
				658FEDA3205D0A9400CAAC51 /* Base */,
			);
			name = LaunchScreen.storyboard;
			sourceTree = "<group>";
		};
/* End PBXVariantGroup section */

/* Begin XCBuildConfiguration section */
		658FEDBC205D0A9400CAAC51 /* Debug */ = {
			isa = XCBuildConfiguration;
			buildSettings = {
				ALWAYS_SEARCH_USER_PATHS = NO;
				CLANG_ANALYZER_NONNULL = YES;
				CLANG_ANALYZER_NUMBER_OBJECT_CONVERSION = YES_AGGRESSIVE;
				CLANG_CXX_LANGUAGE_STANDARD = "gnu++14";
				CLANG_CXX_LIBRARY = "libc++";
				CLANG_ENABLE_MODULES = YES;
				CLANG_ENABLE_OBJC_ARC = YES;
				CLANG_ENABLE_OBJC_WEAK = YES;
				CLANG_WARN_BLOCK_CAPTURE_AUTORELEASING = YES;
				CLANG_WARN_BOOL_CONVERSION = YES;
				CLANG_WARN_COMMA = YES;
				CLANG_WARN_CONSTANT_CONVERSION = YES;
				CLANG_WARN_DEPRECATED_OBJC_IMPLEMENTATIONS = YES;
				CLANG_WARN_DIRECT_OBJC_ISA_USAGE = YES_ERROR;
				CLANG_WARN_DOCUMENTATION_COMMENTS = YES;
				CLANG_WARN_EMPTY_BODY = YES;
				CLANG_WARN_ENUM_CONVERSION = YES;
				CLANG_WARN_INFINITE_RECURSION = YES;
				CLANG_WARN_INT_CONVERSION = YES;
				CLANG_WARN_NON_LITERAL_NULL_CONVERSION = YES;
				CLANG_WARN_OBJC_IMPLICIT_RETAIN_SELF = YES;
				CLANG_WARN_OBJC_LITERAL_CONVERSION = YES;
				CLANG_WARN_OBJC_ROOT_CLASS = YES_ERROR;
				CLANG_WARN_RANGE_LOOP_ANALYSIS = YES;
				CLANG_WARN_STRICT_PROTOTYPES = YES;
				CLANG_WARN_SUSPICIOUS_MOVE = YES;
				CLANG_WARN_UNGUARDED_AVAILABILITY = YES_AGGRESSIVE;
				CLANG_WARN_UNREACHABLE_CODE = YES;
				CLANG_WARN__DUPLICATE_METHOD_MATCH = YES;
				CODE_SIGN_IDENTITY = "iPhone Developer";
				COPY_PHASE_STRIP = NO;
				DEBUG_INFORMATION_FORMAT = dwarf;
				ENABLE_STRICT_OBJC_MSGSEND = YES;
				ENABLE_TESTABILITY = YES;
				GCC_C_LANGUAGE_STANDARD = gnu11;
				GCC_DYNAMIC_NO_PIC = NO;
				GCC_NO_COMMON_BLOCKS = YES;
				GCC_OPTIMIZATION_LEVEL = 0;
				GCC_PREPROCESSOR_DEFINITIONS = (
					"DEBUG=1",
					"$(inherited)",
				);
				GCC_WARN_64_TO_32_BIT_CONVERSION = YES;
				GCC_WARN_ABOUT_RETURN_TYPE = YES_ERROR;
				GCC_WARN_UNDECLARED_SELECTOR = YES;
				GCC_WARN_UNINITIALIZED_AUTOS = YES_AGGRESSIVE;
				GCC_WARN_UNUSED_FUNCTION = YES;
				GCC_WARN_UNUSED_VARIABLE = YES;
				IPHONEOS_DEPLOYMENT_TARGET = 11.3;
				MTL_ENABLE_DEBUG_INFO = YES;
				ONLY_ACTIVE_ARCH = YES;
				SDKROOT = iphoneos;
				SWIFT_ACTIVE_COMPILATION_CONDITIONS = DEBUG;
				SWIFT_OPTIMIZATION_LEVEL = "-Onone";
			};
			name = Debug;
		};
		658FEDBD205D0A9400CAAC51 /* Release */ = {
			isa = XCBuildConfiguration;
			buildSettings = {
				ALWAYS_SEARCH_USER_PATHS = NO;
				CLANG_ANALYZER_NONNULL = YES;
				CLANG_ANALYZER_NUMBER_OBJECT_CONVERSION = YES_AGGRESSIVE;
				CLANG_CXX_LANGUAGE_STANDARD = "gnu++14";
				CLANG_CXX_LIBRARY = "libc++";
				CLANG_ENABLE_MODULES = YES;
				CLANG_ENABLE_OBJC_ARC = YES;
				CLANG_ENABLE_OBJC_WEAK = YES;
				CLANG_WARN_BLOCK_CAPTURE_AUTORELEASING = YES;
				CLANG_WARN_BOOL_CONVERSION = YES;
				CLANG_WARN_COMMA = YES;
				CLANG_WARN_CONSTANT_CONVERSION = YES;
				CLANG_WARN_DEPRECATED_OBJC_IMPLEMENTATIONS = YES;
				CLANG_WARN_DIRECT_OBJC_ISA_USAGE = YES_ERROR;
				CLANG_WARN_DOCUMENTATION_COMMENTS = YES;
				CLANG_WARN_EMPTY_BODY = YES;
				CLANG_WARN_ENUM_CONVERSION = YES;
				CLANG_WARN_INFINITE_RECURSION = YES;
				CLANG_WARN_INT_CONVERSION = YES;
				CLANG_WARN_NON_LITERAL_NULL_CONVERSION = YES;
				CLANG_WARN_OBJC_IMPLICIT_RETAIN_SELF = YES;
				CLANG_WARN_OBJC_LITERAL_CONVERSION = YES;
				CLANG_WARN_OBJC_ROOT_CLASS = YES_ERROR;
				CLANG_WARN_RANGE_LOOP_ANALYSIS = YES;
				CLANG_WARN_STRICT_PROTOTYPES = YES;
				CLANG_WARN_SUSPICIOUS_MOVE = YES;
				CLANG_WARN_UNGUARDED_AVAILABILITY = YES_AGGRESSIVE;
				CLANG_WARN_UNREACHABLE_CODE = YES;
				CLANG_WARN__DUPLICATE_METHOD_MATCH = YES;
				CODE_SIGN_IDENTITY = "iPhone Developer";
				COPY_PHASE_STRIP = NO;
				DEBUG_INFORMATION_FORMAT = "dwarf-with-dsym";
				ENABLE_NS_ASSERTIONS = NO;
				ENABLE_STRICT_OBJC_MSGSEND = YES;
				GCC_C_LANGUAGE_STANDARD = gnu11;
				GCC_NO_COMMON_BLOCKS = YES;
				GCC_WARN_64_TO_32_BIT_CONVERSION = YES;
				GCC_WARN_ABOUT_RETURN_TYPE = YES_ERROR;
				GCC_WARN_UNDECLARED_SELECTOR = YES;
				GCC_WARN_UNINITIALIZED_AUTOS = YES_AGGRESSIVE;
				GCC_WARN_UNUSED_FUNCTION = YES;
				GCC_WARN_UNUSED_VARIABLE = YES;
				IPHONEOS_DEPLOYMENT_TARGET = 11.3;
				MTL_ENABLE_DEBUG_INFO = NO;
				SDKROOT = iphoneos;
				SWIFT_COMPILATION_MODE = wholemodule;
				SWIFT_OPTIMIZATION_LEVEL = "-O";
				VALIDATE_PRODUCT = YES;
			};
			name = Release;
		};
		658FEDBF205D0A9400CAAC51 /* Debug */ = {
			isa = XCBuildConfiguration;
			buildSettings = {
				ASSETCATALOG_COMPILER_APPICON_NAME = AppIcon;
				CODE_SIGN_STYLE = Automatic;
				DEVELOPMENT_TEAM = K2P3533G4D;
				INFOPLIST_FILE = arkit/Info.plist;
				LD_RUNPATH_SEARCH_PATHS = (
					"$(inherited)",
					"@executable_path/Frameworks",
				);
				PRODUCT_BUNDLE_IDENTIFIER = io.nfls.arkit;
				PRODUCT_NAME = "$(TARGET_NAME)";
				SWIFT_VERSION = 4.0;
				TARGETED_DEVICE_FAMILY = "1,2";
			};
			name = Debug;
		};
		658FEDC0205D0A9400CAAC51 /* Release */ = {
			isa = XCBuildConfiguration;
			buildSettings = {
				ASSETCATALOG_COMPILER_APPICON_NAME = AppIcon;
				CODE_SIGN_STYLE = Automatic;
				DEVELOPMENT_TEAM = K2P3533G4D;
				INFOPLIST_FILE = arkit/Info.plist;
				LD_RUNPATH_SEARCH_PATHS = (
					"$(inherited)",
					"@executable_path/Frameworks",
				);
				PRODUCT_BUNDLE_IDENTIFIER = io.nfls.arkit;
				PRODUCT_NAME = "$(TARGET_NAME)";
				SWIFT_VERSION = 4.0;
				TARGETED_DEVICE_FAMILY = "1,2";
			};
			name = Release;
		};
		658FEDC2205D0A9400CAAC51 /* Debug */ = {
			isa = XCBuildConfiguration;
			buildSettings = {
				ALWAYS_EMBED_SWIFT_STANDARD_LIBRARIES = YES;
				BUNDLE_LOADER = "$(TEST_HOST)";
				CODE_SIGN_STYLE = Automatic;
				DEVELOPMENT_TEAM = K2P3533G4D;
				INFOPLIST_FILE = arkitTests/Info.plist;
				LD_RUNPATH_SEARCH_PATHS = (
					"$(inherited)",
					"@executable_path/Frameworks",
					"@loader_path/Frameworks",
				);
				PRODUCT_BUNDLE_IDENTIFIER = io.nfls.arkitTests;
				PRODUCT_NAME = "$(TARGET_NAME)";
				SWIFT_VERSION = 4.0;
				TARGETED_DEVICE_FAMILY = "1,2";
				TEST_HOST = "$(BUILT_PRODUCTS_DIR)/arkit.app/arkit";
			};
			name = Debug;
		};
		658FEDC3205D0A9400CAAC51 /* Release */ = {
			isa = XCBuildConfiguration;
			buildSettings = {
				ALWAYS_EMBED_SWIFT_STANDARD_LIBRARIES = YES;
				BUNDLE_LOADER = "$(TEST_HOST)";
				CODE_SIGN_STYLE = Automatic;
				DEVELOPMENT_TEAM = K2P3533G4D;
				INFOPLIST_FILE = arkitTests/Info.plist;
				LD_RUNPATH_SEARCH_PATHS = (
					"$(inherited)",
					"@executable_path/Frameworks",
					"@loader_path/Frameworks",
				);
				PRODUCT_BUNDLE_IDENTIFIER = io.nfls.arkitTests;
				PRODUCT_NAME = "$(TARGET_NAME)";
				SWIFT_VERSION = 4.0;
				TARGETED_DEVICE_FAMILY = "1,2";
				TEST_HOST = "$(BUILT_PRODUCTS_DIR)/arkit.app/arkit";
			};
			name = Release;
		};
		658FEDC5205D0A9400CAAC51 /* Debug */ = {
			isa = XCBuildConfiguration;
			buildSettings = {
				ALWAYS_EMBED_SWIFT_STANDARD_LIBRARIES = YES;
				CODE_SIGN_STYLE = Automatic;
				DEVELOPMENT_TEAM = K2P3533G4D;
				INFOPLIST_FILE = arkitUITests/Info.plist;
				LD_RUNPATH_SEARCH_PATHS = (
					"$(inherited)",
					"@executable_path/Frameworks",
					"@loader_path/Frameworks",
				);
				PRODUCT_BUNDLE_IDENTIFIER = io.nfls.arkitUITests;
				PRODUCT_NAME = "$(TARGET_NAME)";
				SWIFT_VERSION = 4.0;
				TARGETED_DEVICE_FAMILY = "1,2";
				TEST_TARGET_NAME = arkit;
			};
			name = Debug;
		};
		658FEDC6205D0A9400CAAC51 /* Release */ = {
			isa = XCBuildConfiguration;
			buildSettings = {
				ALWAYS_EMBED_SWIFT_STANDARD_LIBRARIES = YES;
				CODE_SIGN_STYLE = Automatic;
				DEVELOPMENT_TEAM = K2P3533G4D;
				INFOPLIST_FILE = arkitUITests/Info.plist;
				LD_RUNPATH_SEARCH_PATHS = (
					"$(inherited)",
					"@executable_path/Frameworks",
					"@loader_path/Frameworks",
				);
				PRODUCT_BUNDLE_IDENTIFIER = io.nfls.arkitUITests;
				PRODUCT_NAME = "$(TARGET_NAME)";
				SWIFT_VERSION = 4.0;
				TARGETED_DEVICE_FAMILY = "1,2";
				TEST_TARGET_NAME = arkit;
			};
			name = Release;
		};
/* End XCBuildConfiguration section */

/* Begin XCConfigurationList section */
		658FED8F205D0A9200CAAC51 /* Build configuration list for PBXProject "arkit" */ = {
			isa = XCConfigurationList;
			buildConfigurations = (
				658FEDBC205D0A9400CAAC51 /* Debug */,
				658FEDBD205D0A9400CAAC51 /* Release */,
			);
			defaultConfigurationIsVisible = 0;
			defaultConfigurationName = Release;
		};
		658FEDBE205D0A9400CAAC51 /* Build configuration list for PBXNativeTarget "arkit" */ = {
			isa = XCConfigurationList;
			buildConfigurations = (
				658FEDBF205D0A9400CAAC51 /* Debug */,
				658FEDC0205D0A9400CAAC51 /* Release */,
			);
			defaultConfigurationIsVisible = 0;
			defaultConfigurationName = Release;
		};
		658FEDC1205D0A9400CAAC51 /* Build configuration list for PBXNativeTarget "arkitTests" */ = {
			isa = XCConfigurationList;
			buildConfigurations = (
				658FEDC2205D0A9400CAAC51 /* Debug */,
				658FEDC3205D0A9400CAAC51 /* Release */,
			);
			defaultConfigurationIsVisible = 0;
			defaultConfigurationName = Release;
		};
		658FEDC4205D0A9400CAAC51 /* Build configuration list for PBXNativeTarget "arkitUITests" */ = {
			isa = XCConfigurationList;
			buildConfigurations = (
				658FEDC5205D0A9400CAAC51 /* Debug */,
				658FEDC6205D0A9400CAAC51 /* Release */,
			);
			defaultConfigurationIsVisible = 0;
			defaultConfigurationName = Release;
		};
/* End XCConfigurationList section */
	};
	rootObject = 658FED8C205D0A9200CAAC51 /* Project object */;
}
